
Microsoft Visual Studio Solution File, Format Version 12.00
# Visual Studio Version 17
VisualStudioVersion = 17.4.33103.184
MinimumVisualStudioVersion = 10.0.40219.1
Project("{FAE04EC0-301F-11D3-BF4B-00C04F79EFBC}") = "1.classes", "1.classes\1.classes.csproj", "{323C07AF-6E9A-432D-8367-AE7F903CAEFC}"
EndProject
Global
	GlobalSection(SolutionConfigurationPlatforms) = preSolution
		Debug|Any CPU = Debug|Any CPU
		Release|Any CPU = Release|Any CPU
	EndGlobalSection
	GlobalSection(ProjectConfigurationPlatforms) = postSolution
		{323C07AF-6E9A-432D-8367-AE7F903CAEFC}.Debug|Any CPU.ActiveCfg = Debug|Any CPU
		{323C07AF-6E9A-432D-8367-AE7F903CAEFC}.Debug|Any CPU.Build.0 = Debug|Any CPU
		{323C07AF-6E9A-432D-8367-AE7F903CAEFC}.Release|Any CPU.ActiveCfg = Release|Any CPU
		{323C07AF-6E9A-432D-8367-AE7F903CAEFC}.Release|Any CPU.Build.0 = Release|Any CPU
	EndGlobalSection
	GlobalSection(SolutionProperties) = preSolution
		HideSolutionNode = FALSE
	EndGlobalSection
	GlobalSection(ExtensibilityGlobals) = postSolution
		SolutionGuid = {DBD686FC-293C-4A52-9DB4-DD3489F6F7B6}
	EndGlobalSection
EndGlobal
