
Microsoft Visual Studio Solution File, Format Version 12.00
# Visual Studio Version 17
VisualStudioVersion = 17.4.33110.190
MinimumVisualStudioVersion = 10.0.40219.1
Project("{FAE04EC0-301F-11D3-BF4B-00C04F79EFBC}") = "9. Composition", "9. Composition\9. Composition.csproj", "{51693A43-9519-4389-8D2C-FF562EA48DAF}"
EndProject
Global
	GlobalSection(SolutionConfigurationPlatforms) = preSolution
		Debug|Any CPU = Debug|Any CPU
		Release|Any CPU = Release|Any CPU
	EndGlobalSection
	GlobalSection(ProjectConfigurationPlatforms) = postSolution
		{51693A43-9519-4389-8D2C-FF562EA48DAF}.Debug|Any CPU.ActiveCfg = Debug|Any CPU
		{51693A43-9519-4389-8D2C-FF562EA48DAF}.Debug|Any CPU.Build.0 = Debug|Any CPU
		{51693A43-9519-4389-8D2C-FF562EA48DAF}.Release|Any CPU.ActiveCfg = Release|Any CPU
		{51693A43-9519-4389-8D2C-FF562EA48DAF}.Release|Any CPU.Build.0 = Release|Any CPU
	EndGlobalSection
	GlobalSection(SolutionProperties) = preSolution
		HideSolutionNode = FALSE
	EndGlobalSection
	GlobalSection(ExtensibilityGlobals) = postSolution
		SolutionGuid = {AD4EEDDE-49DD-460D-B262-9C023AC50831}
	EndGlobalSection
EndGlobal
