
Microsoft Visual Studio Solution File, Format Version 12.00
# Visual Studio Version 17
VisualStudioVersion = 17.4.33103.184
MinimumVisualStudioVersion = 10.0.40219.1
Project("{FAE04EC0-301F-11D3-BF4B-00C04F79EFBC}") = "2.constructors", "2.constructors\2.constructors.csproj", "{8A98D93E-28D7-42A5-B83B-8C7F60461B2B}"
EndProject
Global
	GlobalSection(SolutionConfigurationPlatforms) = preSolution
		Debug|Any CPU = Debug|Any CPU
		Release|Any CPU = Release|Any CPU
	EndGlobalSection
	GlobalSection(ProjectConfigurationPlatforms) = postSolution
		{8A98D93E-28D7-42A5-B83B-8C7F60461B2B}.Debug|Any CPU.ActiveCfg = Debug|Any CPU
		{8A98D93E-28D7-42A5-B83B-8C7F60461B2B}.Debug|Any CPU.Build.0 = Debug|Any CPU
		{8A98D93E-28D7-42A5-B83B-8C7F60461B2B}.Release|Any CPU.ActiveCfg = Release|Any CPU
		{8A98D93E-28D7-42A5-B83B-8C7F60461B2B}.Release|Any CPU.Build.0 = Release|Any CPU
	EndGlobalSection
	GlobalSection(SolutionProperties) = preSolution
		HideSolutionNode = FALSE
	EndGlobalSection
	GlobalSection(ExtensibilityGlobals) = postSolution
		SolutionGuid = {F00BF9D9-E7AE-441D-8730-3458CDF479B9}
	EndGlobalSection
EndGlobal
