
Microsoft Visual Studio Solution File, Format Version 12.00
# Visual Studio Version 17
VisualStudioVersion = 17.4.33110.190
MinimumVisualStudioVersion = 10.0.40219.1
Project("{FAE04EC0-301F-11D3-BF4B-00C04F79EFBC}") = "4. Fields", "4. Fields\4. Fields.csproj", "{55A9F770-A203-4405-8A92-985B2469AEAC}"
EndProject
Global
	GlobalSection(SolutionConfigurationPlatforms) = preSolution
		Debug|Any CPU = Debug|Any CPU
		Release|Any CPU = Release|Any CPU
	EndGlobalSection
	GlobalSection(ProjectConfigurationPlatforms) = postSolution
		{55A9F770-A203-4405-8A92-985B2469AEAC}.Debug|Any CPU.ActiveCfg = Debug|Any CPU
		{55A9F770-A203-4405-8A92-985B2469AEAC}.Debug|Any CPU.Build.0 = Debug|Any CPU
		{55A9F770-A203-4405-8A92-985B2469AEAC}.Release|Any CPU.ActiveCfg = Release|Any CPU
		{55A9F770-A203-4405-8A92-985B2469AEAC}.Release|Any CPU.Build.0 = Release|Any CPU
	EndGlobalSection
	GlobalSection(SolutionProperties) = preSolution
		HideSolutionNode = FALSE
	EndGlobalSection
	GlobalSection(ExtensibilityGlobals) = postSolution
		SolutionGuid = {45DDD48D-29BA-44D2-A467-5D44C23D37ED}
	EndGlobalSection
EndGlobal
